// !$*UTF8*$!
{
	archiveVersion = 1;
	classes = {
	};
	objectVersion = 50;
	objects = {

/* Begin PBXBuildFile section */
		78164696255A60D80061B6D7 /* ChartFactory.m in Sources */ = {isa = PBXBuildFile; fileRef = 7816468C255A60D80061B6D7 /* ChartFactory.m */; };
		78164697255A60D80061B6D7 /* HistogramChart.m in Sources */ = {isa = PBXBuildFile; fileRef = 7816468E255A60D80061B6D7 /* HistogramChart.m */; };
		78164698255A60D80061B6D7 /* PieChart.m in Sources */ = {isa = PBXBuildFile; fileRef = 78164692255A60D80061B6D7 /* PieChart.m */; };
		78164699255A60D80061B6D7 /* LineChart.m in Sources */ = {isa = PBXBuildFile; fileRef = 78164693255A60D80061B6D7 /* LineChart.m */; };
		7816469A255A60D80061B6D7 /* chart_type.plist in Resources */ = {isa = PBXBuildFile; fileRef = 78164694255A60D80061B6D7 /* chart_type.plist */; };
		781646A0255A62100061B6D7 /* DatabaseLogger.m in Sources */ = {isa = PBXBuildFile; fileRef = 7816469F255A62100061B6D7 /* DatabaseLogger.m */; };
		781646A4255A62C20061B6D7 /* FileLogger.m in Sources */ = {isa = PBXBuildFile; fileRef = 781646A3255A62C20061B6D7 /* FileLogger.m */; };
		781646A9255A63FC0061B6D7 /* DatabaseLoggerFactory.m in Sources */ = {isa = PBXBuildFile; fileRef = 781646A8255A63FC0061B6D7 /* DatabaseLoggerFactory.m */; };
		781646AE255A65D40061B6D7 /* FileLoggerFactory.m in Sources */ = {isa = PBXBuildFile; fileRef = 781646AD255A65D40061B6D7 /* FileLoggerFactory.m */; };
		781646B2255A673F0061B6D7 /* Simple_Factory_Pattern_Main_TestVC.m in Sources */ = {isa = PBXBuildFile; fileRef = 781646B1255A673F0061B6D7 /* Simple_Factory_Pattern_Main_TestVC.m */; };
		781646B6255A68030061B6D7 /* Factory_Method_Pattern_Main_TestVC.m in Sources */ = {isa = PBXBuildFile; fileRef = 781646B5255A68030061B6D7 /* Factory_Method_Pattern_Main_TestVC.m */; };
		781646B9255A6CFC0061B6D7 /* class_name.plist in Resources */ = {isa = PBXBuildFile; fileRef = 781646B8255A6CFC0061B6D7 /* class_name.plist */; };
		789668AA25591DEB007D88D1 /* AppDelegate.m in Sources */ = {isa = PBXBuildFile; fileRef = 789668A925591DEB007D88D1 /* AppDelegate.m */; };
		789668B025591DEB007D88D1 /* ViewController.m in Sources */ = {isa = PBXBuildFile; fileRef = 789668AF25591DEB007D88D1 /* ViewController.m */; };
		789668B525591DEB007D88D1 /* Assets.xcassets in Resources */ = {isa = PBXBuildFile; fileRef = 789668B425591DEB007D88D1 /* Assets.xcassets */; };
		789668B825591DEB007D88D1 /* LaunchScreen.storyboard in Resources */ = {isa = PBXBuildFile; fileRef = 789668B625591DEB007D88D1 /* LaunchScreen.storyboard */; };
		789668BB25591DEB007D88D1 /* main.m in Sources */ = {isa = PBXBuildFile; fileRef = 789668BA25591DEB007D88D1 /* main.m */; };
		789668D925593054007D88D1 /* Tools.m in Sources */ = {isa = PBXBuildFile; fileRef = 789668D825593054007D88D1 /* Tools.m */; };
/* End PBXBuildFile section */

/* Begin PBXFileReference section */
		7816468B255A60D80061B6D7 /* ChartProtocol.h */ = {isa = PBXFileReference; fileEncoding = 4; lastKnownFileType = sourcecode.c.h; path = ChartProtocol.h; sourceTree = "<group>"; };
		7816468C255A60D80061B6D7 /* ChartFactory.m */ = {isa = PBXFileReference; fileEncoding = 4; lastKnownFileType = sourcecode.c.objc; path = ChartFactory.m; sourceTree = "<group>"; };
		7816468D255A60D80061B6D7 /* PieChart.h */ = {isa = PBXFileReference; fileEncoding = 4; lastKnownFileType = sourcecode.c.h; path = PieChart.h; sourceTree = "<group>"; };
		7816468E255A60D80061B6D7 /* HistogramChart.m */ = {isa = PBXFileReference; fileEncoding = 4; lastKnownFileType = sourcecode.c.objc; path = HistogramChart.m; sourceTree = "<group>"; };
		7816468F255A60D80061B6D7 /* LineChart.h */ = {isa = PBXFileReference; fileEncoding = 4; lastKnownFileType = sourcecode.c.h; path = LineChart.h; sourceTree = "<group>"; };
		78164690255A60D80061B6D7 /* ChartFactory.h */ = {isa = PBXFileReference; fileEncoding = 4; lastKnownFileType = sourcecode.c.h; path = ChartFactory.h; sourceTree = "<group>"; };
		78164691255A60D80061B6D7 /* HistogramChart.h */ = {isa = PBXFileReference; fileEncoding = 4; lastKnownFileType = sourcecode.c.h; path = HistogramChart.h; sourceTree = "<group>"; };
		78164692255A60D80061B6D7 /* PieChart.m */ = {isa = PBXFileReference; fileEncoding = 4; lastKnownFileType = sourcecode.c.objc; path = PieChart.m; sourceTree = "<group>"; };
		78164693255A60D80061B6D7 /* LineChart.m */ = {isa = PBXFileReference; fileEncoding = 4; lastKnownFileType = sourcecode.c.objc; path = LineChart.m; sourceTree = "<group>"; };
		78164694255A60D80061B6D7 /* chart_type.plist */ = {isa = PBXFileReference; fileEncoding = 4; lastKnownFileType = text.plist.xml; path = chart_type.plist; sourceTree = "<group>"; };
		7816469D255A61630061B6D7 /* LoggerProtocol.h */ = {isa = PBXFileReference; lastKnownFileType = sourcecode.c.h; path = LoggerProtocol.h; sourceTree = "<group>"; };
		7816469E255A62100061B6D7 /* DatabaseLogger.h */ = {isa = PBXFileReference; lastKnownFileType = sourcecode.c.h; path = DatabaseLogger.h; sourceTree = "<group>"; };
		7816469F255A62100061B6D7 /* DatabaseLogger.m */ = {isa = PBXFileReference; lastKnownFileType = sourcecode.c.objc; path = DatabaseLogger.m; sourceTree = "<group>"; };
		781646A2255A62C20061B6D7 /* FileLogger.h */ = {isa = PBXFileReference; lastKnownFileType = sourcecode.c.h; path = FileLogger.h; sourceTree = "<group>"; };
		781646A3255A62C20061B6D7 /* FileLogger.m */ = {isa = PBXFileReference; lastKnownFileType = sourcecode.c.objc; path = FileLogger.m; sourceTree = "<group>"; };
		781646A7255A63FC0061B6D7 /* DatabaseLoggerFactory.h */ = {isa = PBXFileReference; lastKnownFileType = sourcecode.c.h; path = DatabaseLoggerFactory.h; sourceTree = "<group>"; };
		781646A8255A63FC0061B6D7 /* DatabaseLoggerFactory.m */ = {isa = PBXFileReference; lastKnownFileType = sourcecode.c.objc; path = DatabaseLoggerFactory.m; sourceTree = "<group>"; };
		781646AB255A64510061B6D7 /* LoggerFactoryProtocol.h */ = {isa = PBXFileReference; lastKnownFileType = sourcecode.c.h; path = LoggerFactoryProtocol.h; sourceTree = "<group>"; };
		781646AC255A65D40061B6D7 /* FileLoggerFactory.h */ = {isa = PBXFileReference; lastKnownFileType = sourcecode.c.h; path = FileLoggerFactory.h; sourceTree = "<group>"; };
		781646AD255A65D40061B6D7 /* FileLoggerFactory.m */ = {isa = PBXFileReference; lastKnownFileType = sourcecode.c.objc; path = FileLoggerFactory.m; sourceTree = "<group>"; };
		781646B0255A673F0061B6D7 /* Simple_Factory_Pattern_Main_TestVC.h */ = {isa = PBXFileReference; lastKnownFileType = sourcecode.c.h; path = Simple_Factory_Pattern_Main_TestVC.h; sourceTree = "<group>"; };
		781646B1255A673F0061B6D7 /* Simple_Factory_Pattern_Main_TestVC.m */ = {isa = PBXFileReference; lastKnownFileType = sourcecode.c.objc; path = Simple_Factory_Pattern_Main_TestVC.m; sourceTree = "<group>"; };
		781646B4255A68030061B6D7 /* Factory_Method_Pattern_Main_TestVC.h */ = {isa = PBXFileReference; lastKnownFileType = sourcecode.c.h; path = Factory_Method_Pattern_Main_TestVC.h; sourceTree = "<group>"; };
		781646B5255A68030061B6D7 /* Factory_Method_Pattern_Main_TestVC.m */ = {isa = PBXFileReference; lastKnownFileType = sourcecode.c.objc; path = Factory_Method_Pattern_Main_TestVC.m; sourceTree = "<group>"; };
		781646B8255A6CFC0061B6D7 /* class_name.plist */ = {isa = PBXFileReference; lastKnownFileType = text.plist.xml; path = class_name.plist; sourceTree = "<group>"; };
		789668A525591DEA007D88D1 /* DesignPattern.app */ = {isa = PBXFileReference; explicitFileType = wrapper.application; includeInIndex = 0; path = DesignPattern.app; sourceTree = BUILT_PRODUCTS_DIR; };
		789668A825591DEB007D88D1 /* AppDelegate.h */ = {isa = PBXFileReference; lastKnownFileType = sourcecode.c.h; path = AppDelegate.h; sourceTree = "<group>"; };
		789668A925591DEB007D88D1 /* AppDelegate.m */ = {isa = PBXFileReference; lastKnownFileType = sourcecode.c.objc; path = AppDelegate.m; sourceTree = "<group>"; };
		789668AE25591DEB007D88D1 /* ViewController.h */ = {isa = PBXFileReference; lastKnownFileType = sourcecode.c.h; path = ViewController.h; sourceTree = "<group>"; };
		789668AF25591DEB007D88D1 /* ViewController.m */ = {isa = PBXFileReference; lastKnownFileType = sourcecode.c.objc; path = ViewController.m; sourceTree = "<group>"; };
		789668B425591DEB007D88D1 /* Assets.xcassets */ = {isa = PBXFileReference; lastKnownFileType = folder.assetcatalog; path = Assets.xcassets; sourceTree = "<group>"; };
		789668B725591DEB007D88D1 /* Base */ = {isa = PBXFileReference; lastKnownFileType = file.storyboard; name = Base; path = Base.lproj/LaunchScreen.storyboard; sourceTree = "<group>"; };
		789668B925591DEB007D88D1 /* Info.plist */ = {isa = PBXFileReference; lastKnownFileType = text.plist.xml; path = Info.plist; sourceTree = "<group>"; };
		789668BA25591DEB007D88D1 /* main.m */ = {isa = PBXFileReference; lastKnownFileType = sourcecode.c.objc; path = main.m; sourceTree = "<group>"; };
		789668D725593054007D88D1 /* Tools.h */ = {isa = PBXFileReference; lastKnownFileType = sourcecode.c.h; path = Tools.h; sourceTree = "<group>"; };
		789668D825593054007D88D1 /* Tools.m */ = {isa = PBXFileReference; lastKnownFileType = sourcecode.c.objc; path = Tools.m; sourceTree = "<group>"; };
/* End PBXFileReference section */

/* Begin PBXFrameworksBuildPhase section */
		789668A225591DEA007D88D1 /* Frameworks */ = {
			isa = PBXFrameworksBuildPhase;
			buildActionMask = 2147483647;
			files = (
			);
			runOnlyForDeploymentPostprocessing = 0;
		};
/* End PBXFrameworksBuildPhase section */

/* Begin PBXGroup section */
		7816468A255A60D80061B6D7 /* Simple_Factory_Pattern */ = {
			isa = PBXGroup;
			children = (
				7816468B255A60D80061B6D7 /* ChartProtocol.h */,
				7816468C255A60D80061B6D7 /* ChartFactory.m */,
				7816468D255A60D80061B6D7 /* PieChart.h */,
				7816468E255A60D80061B6D7 /* HistogramChart.m */,
				7816468F255A60D80061B6D7 /* LineChart.h */,
				78164690255A60D80061B6D7 /* ChartFactory.h */,
				78164691255A60D80061B6D7 /* HistogramChart.h */,
				78164692255A60D80061B6D7 /* PieChart.m */,
				78164693255A60D80061B6D7 /* LineChart.m */,
				78164694255A60D80061B6D7 /* chart_type.plist */,
				781646B0255A673F0061B6D7 /* Simple_Factory_Pattern_Main_TestVC.h */,
				781646B1255A673F0061B6D7 /* Simple_Factory_Pattern_Main_TestVC.m */,
			);
			path = Simple_Factory_Pattern;
			sourceTree = "<group>";
		};
		78164695255A60D80061B6D7 /* Factory_Method_Pattern */ = {
			isa = PBXGroup;
			children = (
				7816469D255A61630061B6D7 /* LoggerProtocol.h */,
				7816469E255A62100061B6D7 /* DatabaseLogger.h */,
				7816469F255A62100061B6D7 /* DatabaseLogger.m */,
				781646A2255A62C20061B6D7 /* FileLogger.h */,
				781646A3255A62C20061B6D7 /* FileLogger.m */,
				781646A7255A63FC0061B6D7 /* DatabaseLoggerFactory.h */,
				781646A8255A63FC0061B6D7 /* DatabaseLoggerFactory.m */,
				781646AB255A64510061B6D7 /* LoggerFactoryProtocol.h */,
				781646AC255A65D40061B6D7 /* FileLoggerFactory.h */,
				781646AD255A65D40061B6D7 /* FileLoggerFactory.m */,
				781646B4255A68030061B6D7 /* Factory_Method_Pattern_Main_TestVC.h */,
				781646B5255A68030061B6D7 /* Factory_Method_Pattern_Main_TestVC.m */,
				781646B8255A6CFC0061B6D7 /* class_name.plist */,
			);
			path = Factory_Method_Pattern;
			sourceTree = "<group>";
		};
		7896689C25591DEA007D88D1 = {
			isa = PBXGroup;
			children = (
				789668A725591DEB007D88D1 /* DesignPattern */,
				789668A625591DEA007D88D1 /* Products */,
			);
			sourceTree = "<group>";
		};
		789668A625591DEA007D88D1 /* Products */ = {
			isa = PBXGroup;
			children = (
				789668A525591DEA007D88D1 /* DesignPattern.app */,
			);
			name = Products;
			sourceTree = "<group>";
		};
		789668A725591DEB007D88D1 /* DesignPattern */ = {
			isa = PBXGroup;
			children = (
				789668C8255926B1007D88D1 /* design_pattern */,
				789668A825591DEB007D88D1 /* AppDelegate.h */,
				789668A925591DEB007D88D1 /* AppDelegate.m */,
				789668AE25591DEB007D88D1 /* ViewController.h */,
				789668AF25591DEB007D88D1 /* ViewController.m */,
				789668B425591DEB007D88D1 /* Assets.xcassets */,
				789668B625591DEB007D88D1 /* LaunchScreen.storyboard */,
				789668B925591DEB007D88D1 /* Info.plist */,
				789668BA25591DEB007D88D1 /* main.m */,
			);
			path = DesignPattern;
			sourceTree = "<group>";
		};
		789668C8255926B1007D88D1 /* design_pattern */ = {
			isa = PBXGroup;
			children = (
				78164695255A60D80061B6D7 /* Factory_Method_Pattern */,
				7816468A255A60D80061B6D7 /* Simple_Factory_Pattern */,
				789668D625593044007D88D1 /* Tools */,
			);
			path = design_pattern;
			sourceTree = "<group>";
		};
		789668D625593044007D88D1 /* Tools */ = {
			isa = PBXGroup;
			children = (
				789668D725593054007D88D1 /* Tools.h */,
				789668D825593054007D88D1 /* Tools.m */,
			);
			name = Tools;
			path = DesignPattern/Tools;
			sourceTree = SOURCE_ROOT;
		};
/* End PBXGroup section */

/* Begin PBXNativeTarget section */
		789668A425591DEA007D88D1 /* DesignPattern */ = {
			isa = PBXNativeTarget;
			buildConfigurationList = 789668BE25591DEB007D88D1 /* Build configuration list for PBXNativeTarget "DesignPattern" */;
			buildPhases = (
				789668A125591DEA007D88D1 /* Sources */,
				789668A225591DEA007D88D1 /* Frameworks */,
				789668A325591DEA007D88D1 /* Resources */,
			);
			buildRules = (
			);
			dependencies = (
			);
			name = DesignPattern;
			productName = DesignPattern;
			productReference = 789668A525591DEA007D88D1 /* DesignPattern.app */;
			productType = "com.apple.product-type.application";
		};
/* End PBXNativeTarget section */

/* Begin PBXProject section */
		7896689D25591DEA007D88D1 /* Project object */ = {
			isa = PBXProject;
			attributes = {
				LastUpgradeCheck = 1200;
				TargetAttributes = {
					789668A425591DEA007D88D1 = {
						CreatedOnToolsVersion = 12.0.1;
					};
				};
			};
			buildConfigurationList = 789668A025591DEA007D88D1 /* Build configuration list for PBXProject "DesignPattern" */;
			compatibilityVersion = "Xcode 9.3";
			developmentRegion = en;
			hasScannedForEncodings = 0;
			knownRegions = (
				en,
				Base,
			);
			mainGroup = 7896689C25591DEA007D88D1;
			productRefGroup = 789668A625591DEA007D88D1 /* Products */;
			projectDirPath = "";
			projectRoot = "";
			targets = (
				789668A425591DEA007D88D1 /* DesignPattern */,
			);
		};
/* End PBXProject section */

/* Begin PBXResourcesBuildPhase section */
		789668A325591DEA007D88D1 /* Resources */ = {
			isa = PBXResourcesBuildPhase;
			buildActionMask = 2147483647;
			files = (
				781646B9255A6CFC0061B6D7 /* class_name.plist in Resources */,
				789668B825591DEB007D88D1 /* LaunchScreen.storyboard in Resources */,
				7816469A255A60D80061B6D7 /* chart_type.plist in Resources */,
				789668B525591DEB007D88D1 /* Assets.xcassets in Resources */,
			);
			runOnlyForDeploymentPostprocessing = 0;
		};
/* End PBXResourcesBuildPhase section */

/* Begin PBXSourcesBuildPhase section */
		789668A125591DEA007D88D1 /* Sources */ = {
			isa = PBXSourcesBuildPhase;
			buildActionMask = 2147483647;
			files = (
				78164699255A60D80061B6D7 /* LineChart.m in Sources */,
				78164696255A60D80061B6D7 /* ChartFactory.m in Sources */,
				789668B025591DEB007D88D1 /* ViewController.m in Sources */,
				789668AA25591DEB007D88D1 /* AppDelegate.m in Sources */,
				781646B6255A68030061B6D7 /* Factory_Method_Pattern_Main_TestVC.m in Sources */,
				781646A0255A62100061B6D7 /* DatabaseLogger.m in Sources */,
				78164698255A60D80061B6D7 /* PieChart.m in Sources */,
				781646B2255A673F0061B6D7 /* Simple_Factory_Pattern_Main_TestVC.m in Sources */,
				781646AE255A65D40061B6D7 /* FileLoggerFactory.m in Sources */,
				789668D925593054007D88D1 /* Tools.m in Sources */,
				781646A9255A63FC0061B6D7 /* DatabaseLoggerFactory.m in Sources */,
				789668BB25591DEB007D88D1 /* main.m in Sources */,
				78164697255A60D80061B6D7 /* HistogramChart.m in Sources */,
				781646A4255A62C20061B6D7 /* FileLogger.m in Sources */,
			);
			runOnlyForDeploymentPostprocessing = 0;
		};
/* End PBXSourcesBuildPhase section */

/* Begin PBXVariantGroup section */
		789668B625591DEB007D88D1 /* LaunchScreen.storyboard */ = {
			isa = PBXVariantGroup;
			children = (
				789668B725591DEB007D88D1 /* Base */,
			);
			name = LaunchScreen.storyboard;
			sourceTree = "<group>";
		};
/* End PBXVariantGroup section */

/* Begin XCBuildConfiguration section */
		789668BC25591DEB007D88D1 /* Debug */ = {
			isa = XCBuildConfiguration;
			buildSettings = {
				ALWAYS_SEARCH_USER_PATHS = NO;
				CLANG_ANALYZER_NONNULL = YES;
				CLANG_ANALYZER_NUMBER_OBJECT_CONVERSION = YES_AGGRESSIVE;
				CLANG_CXX_LANGUAGE_STANDARD = "gnu++14";
				CLANG_CXX_LIBRARY = "libc++";
				CLANG_ENABLE_MODULES = YES;
				CLANG_ENABLE_OBJC_ARC = YES;
				CLANG_ENABLE_OBJC_WEAK = YES;
				CLANG_WARN_BLOCK_CAPTURE_AUTORELEASING = YES;
				CLANG_WARN_BOOL_CONVERSION = YES;
				CLANG_WARN_COMMA = YES;
				CLANG_WARN_CONSTANT_CONVERSION = YES;
				CLANG_WARN_DEPRECATED_OBJC_IMPLEMENTATIONS = YES;
				CLANG_WARN_DIRECT_OBJC_ISA_USAGE = YES_ERROR;
				CLANG_WARN_DOCUMENTATION_COMMENTS = YES;
				CLANG_WARN_EMPTY_BODY = YES;
				CLANG_WARN_ENUM_CONVERSION = YES;
				CLANG_WARN_INFINITE_RECURSION = YES;
				CLANG_WARN_INT_CONVERSION = YES;
				CLANG_WARN_NON_LITERAL_NULL_CONVERSION = YES;
				CLANG_WARN_OBJC_IMPLICIT_RETAIN_SELF = YES;
				CLANG_WARN_OBJC_LITERAL_CONVERSION = YES;
				CLANG_WARN_OBJC_ROOT_CLASS = YES_ERROR;
				CLANG_WARN_QUOTED_INCLUDE_IN_FRAMEWORK_HEADER = YES;
				CLANG_WARN_RANGE_LOOP_ANALYSIS = YES;
				CLANG_WARN_STRICT_PROTOTYPES = YES;
				CLANG_WARN_SUSPICIOUS_MOVE = YES;
				CLANG_WARN_UNGUARDED_AVAILABILITY = YES_AGGRESSIVE;
				CLANG_WARN_UNREACHABLE_CODE = YES;
				CLANG_WARN__DUPLICATE_METHOD_MATCH = YES;
				COPY_PHASE_STRIP = NO;
				DEBUG_INFORMATION_FORMAT = dwarf;
				ENABLE_STRICT_OBJC_MSGSEND = YES;
				ENABLE_TESTABILITY = YES;
				GCC_C_LANGUAGE_STANDARD = gnu11;
				GCC_DYNAMIC_NO_PIC = NO;
				GCC_NO_COMMON_BLOCKS = YES;
				GCC_OPTIMIZATION_LEVEL = 0;
				GCC_PREPROCESSOR_DEFINITIONS = (
					"DEBUG=1",
					"$(inherited)",
				);
				GCC_WARN_64_TO_32_BIT_CONVERSION = YES;
				GCC_WARN_ABOUT_RETURN_TYPE = YES_ERROR;
				GCC_WARN_UNDECLARED_SELECTOR = YES;
				GCC_WARN_UNINITIALIZED_AUTOS = YES_AGGRESSIVE;
				GCC_WARN_UNUSED_FUNCTION = YES;
				GCC_WARN_UNUSED_VARIABLE = YES;
				IPHONEOS_DEPLOYMENT_TARGET = 14.0;
				MTL_ENABLE_DEBUG_INFO = INCLUDE_SOURCE;
				MTL_FAST_MATH = YES;
				ONLY_ACTIVE_ARCH = YES;
				SDKROOT = iphoneos;
			};
			name = Debug;
		};
		789668BD25591DEB007D88D1 /* Release */ = {
			isa = XCBuildConfiguration;
			buildSettings = {
				ALWAYS_SEARCH_USER_PATHS = NO;
				CLANG_ANALYZER_NONNULL = YES;
				CLANG_ANALYZER_NUMBER_OBJECT_CONVERSION = YES_AGGRESSIVE;
				CLANG_CXX_LANGUAGE_STANDARD = "gnu++14";
				CLANG_CXX_LIBRARY = "libc++";
				CLANG_ENABLE_MODULES = YES;
				CLANG_ENABLE_OBJC_ARC = YES;
				CLANG_ENABLE_OBJC_WEAK = YES;
				CLANG_WARN_BLOCK_CAPTURE_AUTORELEASING = YES;
				CLANG_WARN_BOOL_CONVERSION = YES;
				CLANG_WARN_COMMA = YES;
				CLANG_WARN_CONSTANT_CONVERSION = YES;
				CLANG_WARN_DEPRECATED_OBJC_IMPLEMENTATIONS = YES;
				CLANG_WARN_DIRECT_OBJC_ISA_USAGE = YES_ERROR;
				CLANG_WARN_DOCUMENTATION_COMMENTS = YES;
				CLANG_WARN_EMPTY_BODY = YES;
				CLANG_WARN_ENUM_CONVERSION = YES;
				CLANG_WARN_INFINITE_RECURSION = YES;
				CLANG_WARN_INT_CONVERSION = YES;
				CLANG_WARN_NON_LITERAL_NULL_CONVERSION = YES;
				CLANG_WARN_OBJC_IMPLICIT_RETAIN_SELF = YES;
				CLANG_WARN_OBJC_LITERAL_CONVERSION = YES;
				CLANG_WARN_OBJC_ROOT_CLASS = YES_ERROR;
				CLANG_WARN_QUOTED_INCLUDE_IN_FRAMEWORK_HEADER = YES;
				CLANG_WARN_RANGE_LOOP_ANALYSIS = YES;
				CLANG_WARN_STRICT_PROTOTYPES = YES;
				CLANG_WARN_SUSPICIOUS_MOVE = YES;
				CLANG_WARN_UNGUARDED_AVAILABILITY = YES_AGGRESSIVE;
				CLANG_WARN_UNREACHABLE_CODE = YES;
				CLANG_WARN__DUPLICATE_METHOD_MATCH = YES;
				COPY_PHASE_STRIP = NO;
				DEBUG_INFORMATION_FORMAT = "dwarf-with-dsym";
				ENABLE_NS_ASSERTIONS = NO;
				ENABLE_STRICT_OBJC_MSGSEND = YES;
				GCC_C_LANGUAGE_STANDARD = gnu11;
				GCC_NO_COMMON_BLOCKS = YES;
				GCC_WARN_64_TO_32_BIT_CONVERSION = YES;
				GCC_WARN_ABOUT_RETURN_TYPE = YES_ERROR;
				GCC_WARN_UNDECLARED_SELECTOR = YES;
				GCC_WARN_UNINITIALIZED_AUTOS = YES_AGGRESSIVE;
				GCC_WARN_UNUSED_FUNCTION = YES;
				GCC_WARN_UNUSED_VARIABLE = YES;
				IPHONEOS_DEPLOYMENT_TARGET = 14.0;
				MTL_ENABLE_DEBUG_INFO = NO;
				MTL_FAST_MATH = YES;
				SDKROOT = iphoneos;
				VALIDATE_PRODUCT = YES;
			};
			name = Release;
		};
		789668BF25591DEB007D88D1 /* Debug */ = {
			isa = XCBuildConfiguration;
			buildSettings = {
				ASSETCATALOG_COMPILER_APPICON_NAME = AppIcon;
				ASSETCATALOG_COMPILER_GLOBAL_ACCENT_COLOR_NAME = AccentColor;
				CODE_SIGN_STYLE = Automatic;
				DEVELOPMENT_TEAM = DYGLH8SVMA;
				INFOPLIST_FILE = DesignPattern/Info.plist;
				IPHONEOS_DEPLOYMENT_TARGET = 9.0;
				LD_RUNPATH_SEARCH_PATHS = (
					"$(inherited)",
					"@executable_path/Frameworks",
				);
				PRODUCT_BUNDLE_IDENTIFIER = com.dq.DesignPattern;
				PRODUCT_NAME = "$(TARGET_NAME)";
				TARGETED_DEVICE_FAMILY = 1;
			};
			name = Debug;
		};
		789668C025591DEB007D88D1 /* Release */ = {
			isa = XCBuildConfiguration;
			buildSettings = {
				ASSETCATALOG_COMPILER_APPICON_NAME = AppIcon;
				ASSETCATALOG_COMPILER_GLOBAL_ACCENT_COLOR_NAME = AccentColor;
				CODE_SIGN_STYLE = Automatic;
				DEVELOPMENT_TEAM = DYGLH8SVMA;
				INFOPLIST_FILE = DesignPattern/Info.plist;
				IPHONEOS_DEPLOYMENT_TARGET = 9.0;
				LD_RUNPATH_SEARCH_PATHS = (
					"$(inherited)",
					"@executable_path/Frameworks",
				);
				PRODUCT_BUNDLE_IDENTIFIER = com.dq.DesignPattern;
				PRODUCT_NAME = "$(TARGET_NAME)";
				TARGETED_DEVICE_FAMILY = 1;
			};
			name = Release;
		};
/* End XCBuildConfiguration section */

/* Begin XCConfigurationList section */
		789668A025591DEA007D88D1 /* Build configuration list for PBXProject "DesignPattern" */ = {
			isa = XCConfigurationList;
			buildConfigurations = (
				789668BC25591DEB007D88D1 /* Debug */,
				789668BD25591DEB007D88D1 /* Release */,
			);
			defaultConfigurationIsVisible = 0;
			defaultConfigurationName = Release;
		};
		789668BE25591DEB007D88D1 /* Build configuration list for PBXNativeTarget "DesignPattern" */ = {
			isa = XCConfigurationList;
			buildConfigurations = (
				789668BF25591DEB007D88D1 /* Debug */,
				789668C025591DEB007D88D1 /* Release */,
			);
			defaultConfigurationIsVisible = 0;
			defaultConfigurationName = Release;
		};
/* End XCConfigurationList section */
	};
	rootObject = 7896689D25591DEA007D88D1 /* Project object */;
}
